
Microsoft Visual Studio Solution File, Format Version 12.00
# Visual Studio Version 17
VisualStudioVersion = 17.0.31903.59
MinimumVisualStudioVersion = 10.0.40219.1
Project("{FAE04EC0-301F-11D3-BF4B-00C04F79EFBC}") = "LeetCodeLib", "LeetCodeLib\LeetCodeLib.csproj", "{D61A28D3-463F-4DB6-86CD-EC42C0103D2B}"
EndProject
Project("{FAE04EC0-301F-11D3-BF4B-00C04F79EFBC}") = "LeetCodeTest", "LeetCodeTest\LeetCodeTest.csproj", "{B087BE28-C9B0-4FCF-BF12-EDA408B73162}"
EndProject
Global
	GlobalSection(SolutionConfigurationPlatforms) = preSolution
		Debug|Any CPU = Debug|Any CPU
		Release|Any CPU = Release|Any CPU
	EndGlobalSection
	GlobalSection(SolutionProperties) = preSolution
		HideSolutionNode = FALSE
	EndGlobalSection
	GlobalSection(ProjectConfigurationPlatforms) = postSolution
		{D61A28D3-463F-4DB6-86CD-EC42C0103D2B}.Debug|Any CPU.ActiveCfg = Debug|Any CPU
		{D61A28D3-463F-4DB6-86CD-EC42C0103D2B}.Debug|Any CPU.Build.0 = Debug|Any CPU
		{D61A28D3-463F-4DB6-86CD-EC42C0103D2B}.Release|Any CPU.ActiveCfg = Release|Any CPU
		{D61A28D3-463F-4DB6-86CD-EC42C0103D2B}.Release|Any CPU.Build.0 = Release|Any CPU
		{B087BE28-C9B0-4FCF-BF12-EDA408B73162}.Debug|Any CPU.ActiveCfg = Debug|Any CPU
		{B087BE28-C9B0-4FCF-BF12-EDA408B73162}.Debug|Any CPU.Build.0 = Debug|Any CPU
		{B087BE28-C9B0-4FCF-BF12-EDA408B73162}.Release|Any CPU.ActiveCfg = Release|Any CPU
		{B087BE28-C9B0-4FCF-BF12-EDA408B73162}.Release|Any CPU.Build.0 = Release|Any CPU
	EndGlobalSection
EndGlobal
